
Microsoft Visual Studio Solution File, Format Version 12.00
# Visual Studio 2013
VisualStudioVersion = 12.0.31101.0
MinimumVisualStudioVersion = 10.0.40219.1
Project("{FAE04EC0-301F-11D3-BF4B-00C04F79EFBC}") = "VSIncrease_DataBank_Version", "VSIncrease_Databank_Version\VSIncrease_DataBank_Version.csproj", "{04D4F784-9E43-4E88-9BCF-8E9E42131F51}"
EndProject
Global
	GlobalSection(SolutionConfigurationPlatforms) = preSolution
		Debug|Any CPU = Debug|Any CPU
		Release|Any CPU = Release|Any CPU
	EndGlobalSection
	GlobalSection(ProjectConfigurationPlatforms) = postSolution
		{04D4F784-9E43-4E88-9BCF-8E9E42131F51}.Debug|Any CPU.ActiveCfg = Debug|Any CPU
		{04D4F784-9E43-4E88-9BCF-8E9E42131F51}.Debug|Any CPU.Build.0 = Debug|Any CPU
		{04D4F784-9E43-4E88-9BCF-8E9E42131F51}.Release|Any CPU.ActiveCfg = Release|Any CPU
		{04D4F784-9E43-4E88-9BCF-8E9E42131F51}.Release|Any CPU.Build.0 = Release|Any CPU
		{04D4F784-9E43-4E88-9BCF-8E9E42131F51}.Release|Any CPU.Deploy.0 = Release|Any CPU
	EndGlobalSection
	GlobalSection(SolutionProperties) = preSolution
		HideSolutionNode = FALSE
	EndGlobalSection
EndGlobal
